<?xml version="1.0" encoding="utf-8"?>
<Project ToolsVersion="4.0" xmlns="http://schemas.microsoft.com/developer/msbuild/2003">
  <ItemGroup>
    <Filter Include="Source Files">
      <UniqueIdentifier>{4FC737F1-C7A5-4376-A066-2A32D752A2FF}</UniqueIdentifier>
      <Extensions>cpp;cxx;c;def</Extensions>
    </Filter>
    <Filter Include="Header Files">
      <UniqueIdentifier>{93995380-89BD-4b04-88EB-625FBE52EBFB}</UniqueIdentifier>
      <Extensions>h</Extensions>
    </Filter>
    <Filter Include="Form Files">
      <UniqueIdentifier>{99349809-55BA-4b9d-BF79-8FDBB0286EB3}</UniqueIdentifier>
      <Extensions>ui</Extensions>
    </Filter>
    <Filter Include="Resource Files">
      <UniqueIdentifier>{D9D6E242-F8AF-46E4-B9FD-80ECBC20BA3E}</UniqueIdentifier>
      <Extensions>qrc;*</Extensions>
      <ParseFiles>false</ParseFiles>
    </Filter>
    <Filter Include="Generated Files">
      <UniqueIdentifier>{71ED8ED8-ACB9-4CE9-BBE1-E00B30144E11}</UniqueIdentifier>
      <Extensions>moc;h;cpp</Extensions>
      <SourceControlFiles>False</SourceControlFiles>
    </Filter>
    <Filter Include="Generated Files\Debug">
      <UniqueIdentifier>{ac40e075-b1ef-4ddc-afa8-44091402ee1c}</UniqueIdentifier>
      <Extensions>cpp;moc</Extensions>
      <SourceControlFiles>False</SourceControlFiles>
    </Filter>
    <Filter Include="Generated Files\Release">
      <UniqueIdentifier>{6c624cbd-0893-45ac-a8bc-56c0469137dd}</UniqueIdentifier>
      <Extensions>cpp;moc</Extensions>
      <SourceControlFiles>False</SourceControlFiles>
    </Filter>
    <Filter Include="common">
      <UniqueIdentifier>{3381a399-e116-44f1-8886-214e2689b39a}</UniqueIdentifier>
    </Filter>
    <Filter Include="common\DBData">
      <UniqueIdentifier>{2490864f-54d0-461c-8dd4-808cb31be8d3}</UniqueIdentifier>
    </Filter>
    <Filter Include="common\DBOper">
      <UniqueIdentifier>{69f851d6-b860-4d48-a59d-d41ad8c3da59}</UniqueIdentifier>
    </Filter>
    <Filter Include="common\MD5">
      <UniqueIdentifier>{e03ef0f1-bb79-4cba-96df-cc248ca669a3}</UniqueIdentifier>
    </Filter>
  </ItemGroup>
  <ItemGroup>
    <ClCompile Include="main.cpp">
      <Filter>Source Files</Filter>
    </ClCompile>
    <ClCompile Include="applogin.cpp">
      <Filter>Source Files</Filter>
    </ClCompile>
    <ClCompile Include="GeneratedFiles\Debug\moc_applogin.cpp">
      <Filter>Generated Files\Debug</Filter>
    </ClCompile>
    <ClCompile Include="GeneratedFiles\Release\moc_applogin.cpp">
      <Filter>Generated Files\Release</Filter>
    </ClCompile>
    <ClCompile Include="GeneratedFiles\qrc_applogin.cpp">
      <Filter>Generated Files</Filter>
    </ClCompile>
    <ClCompile Include="..\..\common\DBOper\ConnectionPool.cpp">
      <Filter>common\DBOper</Filter>
    </ClCompile>
    <ClCompile Include="..\..\common\DBOper\DBOper.cpp">
      <Filter>common\DBOper</Filter>
    </ClCompile>
    <ClCompile Include="..\..\common\MD5\md5c.c">
      <Filter>common\MD5</Filter>
    </ClCompile>
  </ItemGroup>
  <ItemGroup>
    <CustomBuild Include="applogin.h">
      <Filter>Header Files</Filter>
    </CustomBuild>
    <CustomBuild Include="applogin.qrc">
      <Filter>Resource Files</Filter>
    </CustomBuild>
    <CustomBuild Include="..\..\common\DBData\FactoryData.h">
      <Filter>common\DBData</Filter>
    </CustomBuild>
    <CustomBuild Include="..\..\common\DBData\UserData.h">
      <Filter>common\DBData</Filter>
    </CustomBuild>
  </ItemGroup>
  <ItemGroup>
    <ClInclude Include="..\..\common\DBOper\ConnectionPool.h">
      <Filter>common\DBOper</Filter>
    </ClInclude>
    <ClInclude Include="..\..\common\DBOper\DBOper.h">
      <Filter>common\DBOper</Filter>
    </ClInclude>
    <ClInclude Include="..\..\common\MD5\md5c.h">
      <Filter>common\MD5</Filter>
    </ClInclude>
    <ClInclude Include="..\..\common\MD5\MD5Inc.h">
      <Filter>common\MD5</Filter>
    </ClInclude>
  </ItemGroup>
</Project>